
Microsoft Visual Studio Solution File, Format Version 12.00
# Visual Studio Version 17
VisualStudioVersion = 17.8.34511.84
MinimumVisualStudioVersion = 10.0.40219.1
Project("{FAE04EC0-301F-11D3-BF4B-00C04F79EFBC}") = "Ergolang", "Ergolang\Ergolang.csproj", "{CE376A42-8F5B-4D2C-BC75-DCFA01CB22D0}"
EndProject
Project("{FAE04EC0-301F-11D3-BF4B-00C04F79EFBC}") = "Tests", "Tests\Tests.csproj", "{407024A0-C2CA-488D-9144-D1B7FF811CD8}"
EndProject
Project("{FAE04EC0-301F-11D3-BF4B-00C04F79EFBC}") = "Generator", "Generator\Generator.csproj", "{D2B74EEA-5FC4-4DE3-A3A3-CDB75A631B9C}"
EndProject
Global
	GlobalSection(SolutionConfigurationPlatforms) = preSolution
		Debug|Any CPU = Debug|Any CPU
		Release|Any CPU = Release|Any CPU
	EndGlobalSection
	GlobalSection(ProjectConfigurationPlatforms) = postSolution
		{CE376A42-8F5B-4D2C-BC75-DCFA01CB22D0}.Debug|Any CPU.ActiveCfg = Debug|Any CPU
		{CE376A42-8F5B-4D2C-BC75-DCFA01CB22D0}.Debug|Any CPU.Build.0 = Debug|Any CPU
		{CE376A42-8F5B-4D2C-BC75-DCFA01CB22D0}.Release|Any CPU.ActiveCfg = Release|Any CPU
		{CE376A42-8F5B-4D2C-BC75-DCFA01CB22D0}.Release|Any CPU.Build.0 = Release|Any CPU
		{407024A0-C2CA-488D-9144-D1B7FF811CD8}.Debug|Any CPU.ActiveCfg = Debug|Any CPU
		{407024A0-C2CA-488D-9144-D1B7FF811CD8}.Debug|Any CPU.Build.0 = Debug|Any CPU
		{407024A0-C2CA-488D-9144-D1B7FF811CD8}.Release|Any CPU.ActiveCfg = Release|Any CPU
		{407024A0-C2CA-488D-9144-D1B7FF811CD8}.Release|Any CPU.Build.0 = Release|Any CPU
		{D2B74EEA-5FC4-4DE3-A3A3-CDB75A631B9C}.Debug|Any CPU.ActiveCfg = Debug|Any CPU
		{D2B74EEA-5FC4-4DE3-A3A3-CDB75A631B9C}.Debug|Any CPU.Build.0 = Debug|Any CPU
		{D2B74EEA-5FC4-4DE3-A3A3-CDB75A631B9C}.Release|Any CPU.ActiveCfg = Release|Any CPU
		{D2B74EEA-5FC4-4DE3-A3A3-CDB75A631B9C}.Release|Any CPU.Build.0 = Release|Any CPU
	EndGlobalSection
	GlobalSection(SolutionProperties) = preSolution
		HideSolutionNode = FALSE
	EndGlobalSection
	GlobalSection(ExtensibilityGlobals) = postSolution
		SolutionGuid = {C552BB16-135A-420F-9D4B-21208850E606}
	EndGlobalSection
EndGlobal
